{
    "version": 3,
    "terraform_version": "0.11.7",
    "serial": 53,
    "lineage": "708b1976-6702-446e-9633-3583104a5503",
    "modules": [
        {
            "path": [
                "root"
            ],
            "outputs": {
                "bastion_public_ip": {
                    "sensitive": false,
                    "type": "string",
                    "value": "54.246.255.191"
                },
                "endpoint": {
                    "sensitive": false,
                    "type": "string",
                    "value": "wp-db.cntiocv1afqq.eu-west-1.rds.amazonaws.com"
                }
            },
            "resources": {
                "aws_db_instance.wp-db": {
                    "type": "aws_db_instance",
                    "depends_on": [
                        "aws_db_subnet_group.wp-db-subnet",
                        "aws_security_group.db-sg"
                    ],
                    "primary": {
                        "id": "wp-db",
                        "attributes": {
                            "address": "wp-db.cntiocv1afqq.eu-west-1.rds.amazonaws.com",
                            "allocated_storage": "20",
                            "arn": "arn:aws:rds:eu-west-1:902840046602:db:wp-db",
                            "auto_minor_version_upgrade": "true",
                            "availability_zone": "eu-west-1c",
                            "backup_retention_period": "0",
                            "backup_window": "05:16-05:46",
                            "ca_cert_identifier": "rds-ca-2015",
                            "copy_tags_to_snapshot": "false",
                            "db_subnet_group_name": "wp-db-subnet",
                            "enabled_cloudwatch_logs_exports.#": "0",
                            "endpoint": "wp-db.cntiocv1afqq.eu-west-1.rds.amazonaws.com:3306",
                            "engine": "mysql",
                            "engine_version": "5.7.21",
                            "hosted_zone_id": "Z29XKXDKYMONMX",
                            "iam_database_authentication_enabled": "false",
                            "id": "wp-db",
                            "identifier": "wp-db",
                            "instance_class": "db.t2.micro",
                            "iops": "0",
                            "kms_key_id": "",
                            "license_model": "general-public-license",
                            "maintenance_window": "sat:00:54-sat:01:24",
                            "monitoring_interval": "0",
                            "multi_az": "false",
                            "name": "wpdb",
                            "option_group_name": "default:mysql-5-7",
                            "parameter_group_name": "default.mysql5.7",
                            "password": "wpadmin123",
                            "port": "3306",
                            "publicly_accessible": "false",
                            "replicas.#": "0",
                            "replicate_source_db": "",
                            "resource_id": "db-MJS32MFBYZ4KEOY2GF4SMBCJOM",
                            "security_group_names.#": "0",
                            "skip_final_snapshot": "true",
                            "status": "available",
                            "storage_encrypted": "false",
                            "storage_type": "gp2",
                            "tags.%": "0",
                            "timezone": "",
                            "username": "wpadmin",
                            "vpc_security_group_ids.#": "1",
                            "vpc_security_group_ids.390363094": "sg-c839b6b5"
                        },
                        "meta": {
                            "e2bfb730-ecaa-11e6-8f88-34363bc7c4c0": {
                                "create": 2400000000000,
                                "delete": 2400000000000,
                                "update": 4800000000000
                            }
                        },
                        "tainted": false
                    },
                    "deposed": [],
                    "provider": "provider.aws"
                },
                "aws_db_subnet_group.wp-db-subnet": {
                    "type": "aws_db_subnet_group",
                    "depends_on": [
                        "aws_route_table_association.subnet_eu_west_1c_association",
                        "aws_subnet.Private_subnet_eu_west_1b",
                        "aws_subnet.Private_subnet_eu_west_1c"
                    ],
                    "primary": {
                        "id": "wp-db-subnet",
                        "attributes": {
                            "arn": "arn:aws:rds:eu-west-1:902840046602:subgrp:wp-db-subnet",
                            "description": "Managed by Terraform",
                            "id": "wp-db-subnet",
                            "name": "wp-db-subnet",
                            "subnet_ids.#": "2",
                            "subnet_ids.3204579610": "subnet-27b90c41",
                            "subnet_ids.467996325": "subnet-48da2e12",
                            "tags.%": "1",
                            "tags.Name": "wp-db-subnet"
                        },
                        "meta": {},
                        "tainted": false
                    },
                    "deposed": [],
                    "provider": "provider.aws"
                },
                "aws_efs_file_system.wp-efs": {
                    "type": "aws_efs_file_system",
                    "depends_on": [
                        "aws_security_group.efs-sg"
                    ],
                    "primary": {
                        "id": "fs-a676e96f",
                        "attributes": {
                            "creation_token": "terraform-20180517203626830200000001",
                            "dns_name": "fs-a676e96f.efs.eu-west-1.amazonaws.com",
                            "encrypted": "false",
                            "id": "fs-a676e96f",
                            "kms_key_id": "",
                            "performance_mode": "generalPurpose",
                            "tags.%": "1",
                            "tags.Name": "wp-efs"
                        },
                        "meta": {},
                        "tainted": false
                    },
                    "deposed": [],
                    "provider": "provider.aws"
                },
                "aws_efs_mount_target.wp-efs-mtarget0": {
                    "type": "aws_efs_mount_target",
                    "depends_on": [
                        "aws_efs_file_system.wp-efs",
                        "aws_security_group.efs-sg",
                        "aws_subnet.Private_subnet_eu_west_1b"
                    ],
                    "primary": {
                        "id": "fsmt-8f264346",
                        "attributes": {
                            "dns_name": "fs-a676e96f.efs.eu-west-1.amazonaws.com",
                            "file_system_id": "fs-a676e96f",
                            "id": "fsmt-8f264346",
                            "ip_address": "172.31.4.115",
                            "network_interface_id": "eni-cfa965ec",
                            "security_groups.#": "1",
                            "security_groups.2379421834": "sg-5535ba28",
                            "subnet_id": "subnet-27b90c41"
                        },
                        "meta": {},
                        "tainted": false
                    },
                    "deposed": [],
                    "provider": "provider.aws"
                },
                "aws_efs_mount_target.wp-efs-mtarget1": {
                    "type": "aws_efs_mount_target",
                    "depends_on": [
                        "aws_efs_file_system.wp-efs",
                        "aws_security_group.efs-sg",
                        "aws_subnet.Private_subnet_eu_west_1c"
                    ],
                    "primary": {
                        "id": "fsmt-81264348",
                        "attributes": {
                            "dns_name": "fs-a676e96f.efs.eu-west-1.amazonaws.com",
                            "file_system_id": "fs-a676e96f",
                            "id": "fsmt-81264348",
                            "ip_address": "172.31.5.8",
                            "network_interface_id": "eni-0bb8b70f",
                            "security_groups.#": "1",
                            "security_groups.2379421834": "sg-5535ba28",
                            "subnet_id": "subnet-48da2e12"
                        },
                        "meta": {},
                        "tainted": false
                    },
                    "deposed": [],
                    "provider": "provider.aws"
                },
                "aws_eip.nat": {
                    "type": "aws_eip",
                    "depends_on": [
                        "aws_internet_gateway.gw"
                    ],
                    "primary": {
                        "id": "eipalloc-a7d4ab9a",
                        "attributes": {
                            "association_id": "",
                            "domain": "vpc",
                            "id": "eipalloc-a7d4ab9a",
                            "instance": "",
                            "network_interface": "",
                            "private_ip": "",
                            "public_ip": "34.247.60.101",
                            "tags.%": "0",
                            "vpc": "true"
                        },
                        "meta": {
                            "e2bfb730-ecaa-11e6-8f88-34363bc7c4c0": {
                                "delete": 180000000000,
                                "read": 900000000000,
                                "update": 300000000000
                            }
                        },
                        "tainted": false
                    },
                    "deposed": [],
                    "provider": "provider.aws"
                },
                "aws_elb.wp-elb": {
                    "type": "aws_elb",
                    "depends_on": [
                        "aws_instance.wp-server-1b",
                        "aws_instance.wp-server-1c",
                        "aws_security_group.wordpress-sg",
                        "aws_subnet.Public_subnet1_eu_west_1a",
                        "aws_subnet.Public_subnet2_eu_west_1b",
                        "aws_subnet.Public_subnet3_eu_west_1c"
                    ],
                    "primary": {
                        "id": "wp-elb",
                        "attributes": {
                            "access_logs.#": "0",
                            "arn": "arn:aws:elasticloadbalancing:eu-west-1:902840046602:loadbalancer/wp-elb",
                            "availability_zones.#": "3",
                            "availability_zones.1924028850": "eu-west-1b",
                            "availability_zones.3953592328": "eu-west-1a",
                            "availability_zones.94988580": "eu-west-1c",
                            "connection_draining": "true",
                            "connection_draining_timeout": "300",
                            "cross_zone_load_balancing": "true",
                            "dns_name": "wp-elb-1389491715.eu-west-1.elb.amazonaws.com",
                            "health_check.#": "1",
                            "health_check.0.healthy_threshold": "10",
                            "health_check.0.interval": "30",
                            "health_check.0.target": "TCP:80",
                            "health_check.0.timeout": "5",
                            "health_check.0.unhealthy_threshold": "2",
                            "id": "wp-elb",
                            "idle_timeout": "300",
                            "instances.#": "2",
                            "instances.2257123474": "i-033cbbf052b3c22c4",
                            "instances.799218628": "i-062ca43c9a8c66aff",
                            "internal": "false",
                            "listener.#": "1",
                            "listener.2974294026.instance_port": "80",
                            "listener.2974294026.instance_protocol": "tcp",
                            "listener.2974294026.lb_port": "80",
                            "listener.2974294026.lb_protocol": "tcp",
                            "listener.2974294026.ssl_certificate_id": "",
                            "name": "wp-elb",
                            "security_groups.#": "1",
                            "security_groups.2034635761": "sg-00cf417d",
                            "source_security_group": "902840046602/wp-sg",
                            "source_security_group_id": "sg-00cf417d",
                            "subnets.#": "3",
                            "subnets.1221388346": "subnet-a1db2ffb",
                            "subnets.1677753024": "subnet-3db6035b",
                            "subnets.194281897": "subnet-d4ac169c",
                            "tags.%": "1",
                            "tags.Name": "wp-elb",
                            "zone_id": "Z32O12XQLNTSW2"
                        },
                        "meta": {},
                        "tainted": false
                    },
                    "deposed": [],
                    "provider": "provider.aws"
                },
                "aws_instance.bastion": {
                    "type": "aws_instance",
                    "depends_on": [
                        "aws_key_pair.bastion_key",
                        "aws_security_group.bastion-sg",
                        "aws_subnet.Public_subnet1_eu_west_1a"
                    ],
                    "primary": {
                        "id": "i-0a056994ca3a63f6a",
                        "attributes": {
                            "ami": "ami-9cbe9be5",
                            "associate_public_ip_address": "true",
                            "availability_zone": "eu-west-1a",
                            "credit_specification.#": "1",
                            "credit_specification.0.cpu_credits": "standard",
                            "disable_api_termination": "false",
                            "ebs_block_device.#": "0",
                            "ebs_optimized": "false",
                            "ephemeral_block_device.#": "0",
                            "get_password_data": "false",
                            "iam_instance_profile": "",
                            "id": "i-0a056994ca3a63f6a",
                            "instance_state": "running",
                            "instance_type": "t2.micro",
                            "ipv6_addresses.#": "0",
                            "key_name": "wp-bastion",
                            "monitoring": "false",
                            "network_interface.#": "0",
                            "network_interface_id": "eni-9a1b89af",
                            "password_data": "",
                            "placement_group": "",
                            "primary_network_interface_id": "eni-9a1b89af",
                            "private_dns": "ip-172-31-1-236.eu-west-1.compute.internal",
                            "private_ip": "172.31.1.236",
                            "public_dns": "ec2-54-246-255-191.eu-west-1.compute.amazonaws.com",
                            "public_ip": "54.246.255.191",
                            "root_block_device.#": "1",
                            "root_block_device.0.delete_on_termination": "true",
                            "root_block_device.0.iops": "100",
                            "root_block_device.0.volume_id": "vol-03eb58a19065e8e75",
                            "root_block_device.0.volume_size": "8",
                            "root_block_device.0.volume_type": "gp2",
                            "security_groups.#": "0",
                            "source_dest_check": "true",
                            "subnet_id": "subnet-d4ac169c",
                            "tags.%": "1",
                            "tags.Name": "bastion",
                            "tenancy": "default",
                            "volume_tags.%": "0",
                            "vpc_security_group_ids.#": "1",
                            "vpc_security_group_ids.3535762711": "sg-6333bc1e"
                        },
                        "meta": {
                            "e2bfb730-ecaa-11e6-8f88-34363bc7c4c0": {
                                "create": 600000000000,
                                "delete": 1200000000000,
                                "update": 600000000000
                            },
                            "schema_version": "1"
                        },
                        "tainted": false
                    },
                    "deposed": [],
                    "provider": "provider.aws"
                },
                "aws_instance.wp-server-1b": {
                    "type": "aws_instance",
                    "depends_on": [
                        "aws_key_pair.bastion_key",
                        "aws_security_group.wordpress-sg",
                        "aws_subnet.Private_subnet_eu_west_1b"
                    ],
                    "primary": {
                        "id": "i-033cbbf052b3c22c4",
                        "attributes": {
                            "ami": "ami-9cbe9be5",
                            "associate_public_ip_address": "false",
                            "availability_zone": "eu-west-1b",
                            "credit_specification.#": "1",
                            "credit_specification.0.cpu_credits": "standard",
                            "disable_api_termination": "false",
                            "ebs_block_device.#": "0",
                            "ebs_optimized": "false",
                            "ephemeral_block_device.#": "0",
                            "get_password_data": "false",
                            "iam_instance_profile": "",
                            "id": "i-033cbbf052b3c22c4",
                            "instance_state": "running",
                            "instance_type": "t2.medium",
                            "ipv6_addresses.#": "0",
                            "key_name": "wp-bastion",
                            "monitoring": "false",
                            "network_interface.#": "0",
                            "network_interface_id": "eni-73a86450",
                            "password_data": "",
                            "placement_group": "",
                            "primary_network_interface_id": "eni-73a86450",
                            "private_dns": "ip-172-31-4-109.eu-west-1.compute.internal",
                            "private_ip": "172.31.4.109",
                            "public_dns": "",
                            "public_ip": "",
                            "root_block_device.#": "1",
                            "root_block_device.0.delete_on_termination": "true",
                            "root_block_device.0.iops": "100",
                            "root_block_device.0.volume_id": "vol-06b6bae63d16e165d",
                            "root_block_device.0.volume_size": "8",
                            "root_block_device.0.volume_type": "gp2",
                            "security_groups.#": "0",
                            "source_dest_check": "true",
                            "subnet_id": "subnet-27b90c41",
                            "tags.%": "1",
                            "tags.Name": "WP-Server1",
                            "tenancy": "default",
                            "volume_tags.%": "0",
                            "vpc_security_group_ids.#": "1",
                            "vpc_security_group_ids.2034635761": "sg-00cf417d"
                        },
                        "meta": {
                            "e2bfb730-ecaa-11e6-8f88-34363bc7c4c0": {
                                "create": 600000000000,
                                "delete": 1200000000000,
                                "update": 600000000000
                            },
                            "schema_version": "1"
                        },
                        "tainted": false
                    },
                    "deposed": [],
                    "provider": "provider.aws"
                },
                "aws_instance.wp-server-1c": {
                    "type": "aws_instance",
                    "depends_on": [
                        "aws_key_pair.bastion_key",
                        "aws_security_group.wordpress-sg",
                        "aws_subnet.Private_subnet_eu_west_1c"
                    ],
                    "primary": {
                        "id": "i-062ca43c9a8c66aff",
                        "attributes": {
                            "ami": "ami-9cbe9be5",
                            "associate_public_ip_address": "false",
                            "availability_zone": "eu-west-1c",
                            "credit_specification.#": "1",
                            "credit_specification.0.cpu_credits": "standard",
                            "disable_api_termination": "false",
                            "ebs_block_device.#": "0",
                            "ebs_optimized": "false",
                            "ephemeral_block_device.#": "0",
                            "get_password_data": "false",
                            "iam_instance_profile": "",
                            "id": "i-062ca43c9a8c66aff",
                            "instance_state": "running",
                            "instance_type": "t2.medium",
                            "ipv6_addresses.#": "0",
                            "key_name": "wp-bastion",
                            "monitoring": "false",
                            "network_interface.#": "0",
                            "network_interface_id": "eni-bdbbb4b9",
                            "password_data": "",
                            "placement_group": "",
                            "primary_network_interface_id": "eni-bdbbb4b9",
                            "private_dns": "ip-172-31-5-56.eu-west-1.compute.internal",
                            "private_ip": "172.31.5.56",
                            "public_dns": "",
                            "public_ip": "",
                            "root_block_device.#": "1",
                            "root_block_device.0.delete_on_termination": "true",
                            "root_block_device.0.iops": "100",
                            "root_block_device.0.volume_id": "vol-086f9f8a69b8608e5",
                            "root_block_device.0.volume_size": "8",
                            "root_block_device.0.volume_type": "gp2",
                            "security_groups.#": "0",
                            "source_dest_check": "true",
                            "subnet_id": "subnet-48da2e12",
                            "tags.%": "1",
                            "tags.Name": "WP-Server2",
                            "tenancy": "default",
                            "volume_tags.%": "0",
                            "vpc_security_group_ids.#": "1",
                            "vpc_security_group_ids.2034635761": "sg-00cf417d"
                        },
                        "meta": {
                            "e2bfb730-ecaa-11e6-8f88-34363bc7c4c0": {
                                "create": 600000000000,
                                "delete": 1200000000000,
                                "update": 600000000000
                            },
                            "schema_version": "1"
                        },
                        "tainted": false
                    },
                    "deposed": [],
                    "provider": "provider.aws"
                },
                "aws_internet_gateway.gw": {
                    "type": "aws_internet_gateway",
                    "depends_on": [
                        "aws_vpc.vpc_tuto"
                    ],
                    "primary": {
                        "id": "igw-a36c12c4",
                        "attributes": {
                            "id": "igw-a36c12c4",
                            "tags.%": "1",
                            "tags.Name": "WP-InternetGateway",
                            "vpc_id": "vpc-6d49230b"
                        },
                        "meta": {},
                        "tainted": false
                    },
                    "deposed": [],
                    "provider": "provider.aws"
                },
                "aws_key_pair.bastion_key": {
                    "type": "aws_key_pair",
                    "depends_on": [],
                    "primary": {
                        "id": "wp-bastion",
                        "attributes": {
                            "id": "wp-bastion",
                            "key_name": "wp-bastion",
                            "public_key": "ssh-rsa AAAAB3NzaC1yc2EAAAADAQABAAABAQDFpdZV0ICwbphZjqT2fJwEHPTObWTkEad5HdLgtnhNUFI0Nj6tY59BdaG0WCX2VLD+hpN2Xyg2zQCuQiesk2huZ6gDbQPFAChRZ/e54V5QNE4NEyZvcJcetNAbdJRGvci0imOAS+YdQc/h9StG+MQ9uIEDAiYcXrHC+xz4NFU3L/8l48ybz4uI9iGP19/4pficDjr1re45BQEjC0+QyQ7KlvylNBU+EmG4uMh/z/EWnVCL8VjnGflRjAusvJTx7RxpJuWLhHGcyuEJC1eAh/OntT/qvOBioir7GyNTMq0NWXhFGCVJ3C/4/RvItQY0cvi9AQeuGs/dEe0RhCEjKf9Z root@nikit-Ubuntu"
                        },
                        "meta": {
                            "schema_version": "1"
                        },
                        "tainted": false
                    },
                    "deposed": [],
                    "provider": "provider.aws"
                },
                "aws_nat_gateway.nat": {
                    "type": "aws_nat_gateway",
                    "depends_on": [
                        "aws_eip.nat",
                        "aws_internet_gateway.gw",
                        "aws_subnet.Public_subnet1_eu_west_1a"
                    ],
                    "primary": {
                        "id": "nat-07ef766338a1caa52",
                        "attributes": {
                            "allocation_id": "eipalloc-a7d4ab9a",
                            "id": "nat-07ef766338a1caa52",
                            "network_interface_id": "eni-d51c8ee0",
                            "private_ip": "172.31.1.186",
                            "public_ip": "34.247.60.101",
                            "subnet_id": "subnet-d4ac169c",
                            "tags.%": "0"
                        },
                        "meta": {},
                        "tainted": false
                    },
                    "deposed": [],
                    "provider": "provider.aws"
                },
                "aws_route.internet_access": {
                    "type": "aws_route",
                    "depends_on": [
                        "aws_internet_gateway.gw",
                        "aws_vpc.vpc_tuto"
                    ],
                    "primary": {
                        "id": "r-rtb-924cc4eb1080289494",
                        "attributes": {
                            "destination_cidr_block": "0.0.0.0/0",
                            "destination_prefix_list_id": "",
                            "egress_only_gateway_id": "",
                            "gateway_id": "igw-a36c12c4",
                            "id": "r-rtb-924cc4eb1080289494",
                            "instance_id": "",
                            "instance_owner_id": "",
                            "nat_gateway_id": "",
                            "network_interface_id": "",
                            "origin": "CreateRoute",
                            "route_table_id": "rtb-924cc4eb",
                            "state": "active",
                            "vpc_peering_connection_id": ""
                        },
                        "meta": {
                            "e2bfb730-ecaa-11e6-8f88-34363bc7c4c0": {
                                "create": 120000000000,
                                "delete": 300000000000
                            }
                        },
                        "tainted": false
                    },
                    "deposed": [],
                    "provider": "provider.aws"
                },
                "aws_route.private_route": {
                    "type": "aws_route",
                    "depends_on": [
                        "aws_nat_gateway.nat",
                        "aws_route_table.private_route_table"
                    ],
                    "primary": {
                        "id": "r-rtb-58b53d211080289494",
                        "attributes": {
                            "destination_cidr_block": "0.0.0.0/0",
                            "destination_prefix_list_id": "",
                            "egress_only_gateway_id": "",
                            "gateway_id": "",
                            "id": "r-rtb-58b53d211080289494",
                            "instance_id": "",
                            "instance_owner_id": "",
                            "nat_gateway_id": "nat-07ef766338a1caa52",
                            "network_interface_id": "",
                            "origin": "CreateRoute",
                            "route_table_id": "rtb-58b53d21",
                            "state": "active",
                            "vpc_peering_connection_id": ""
                        },
                        "meta": {
                            "e2bfb730-ecaa-11e6-8f88-34363bc7c4c0": {
                                "create": 120000000000,
                                "delete": 300000000000
                            }
                        },
                        "tainted": false
                    },
                    "deposed": [],
                    "provider": "provider.aws"
                },
                "aws_route_table.private_route_table": {
                    "type": "aws_route_table",
                    "depends_on": [
                        "aws_vpc.vpc_tuto"
                    ],
                    "primary": {
                        "id": "rtb-58b53d21",
                        "attributes": {
                            "id": "rtb-58b53d21",
                            "propagating_vgws.#": "0",
                            "route.#": "0",
                            "tags.%": "1",
                            "tags.Name": "WP-Private route table",
                            "vpc_id": "vpc-6d49230b"
                        },
                        "meta": {},
                        "tainted": false
                    },
                    "deposed": [],
                    "provider": "provider.aws"
                },
                "aws_route_table_association.Public_subnet_eu_west_1a_association": {
                    "type": "aws_route_table_association",
                    "depends_on": [
                        "aws_subnet.Public_subnet1_eu_west_1a",
                        "aws_vpc.vpc_tuto"
                    ],
                    "primary": {
                        "id": "rtbassoc-12dcee6a",
                        "attributes": {
                            "id": "rtbassoc-12dcee6a",
                            "route_table_id": "rtb-924cc4eb",
                            "subnet_id": "subnet-d4ac169c"
                        },
                        "meta": {},
                        "tainted": false
                    },
                    "deposed": [],
                    "provider": "provider.aws"
                },
                "aws_route_table_association.Public_subnet_eu_west_1b_association": {
                    "type": "aws_route_table_association",
                    "depends_on": [
                        "aws_subnet.Public_subnet2_eu_west_1b",
                        "aws_vpc.vpc_tuto"
                    ],
                    "primary": {
                        "id": "rtbassoc-f3d5e78b",
                        "attributes": {
                            "id": "rtbassoc-f3d5e78b",
                            "route_table_id": "rtb-924cc4eb",
                            "subnet_id": "subnet-3db6035b"
                        },
                        "meta": {},
                        "tainted": false
                    },
                    "deposed": [],
                    "provider": "provider.aws"
                },
                "aws_route_table_association.Public_subnet_eu_west_1c_association": {
                    "type": "aws_route_table_association",
                    "depends_on": [
                        "aws_subnet.Public_subnet3_eu_west_1c",
                        "aws_vpc.vpc_tuto"
                    ],
                    "primary": {
                        "id": "rtbassoc-09dbe971",
                        "attributes": {
                            "id": "rtbassoc-09dbe971",
                            "route_table_id": "rtb-924cc4eb",
                            "subnet_id": "subnet-a1db2ffb"
                        },
                        "meta": {},
                        "tainted": false
                    },
                    "deposed": [],
                    "provider": "provider.aws"
                },
                "aws_route_table_association.subnet_eu_west_1b_association": {
                    "type": "aws_route_table_association",
                    "depends_on": [
                        "aws_route_table.private_route_table",
                        "aws_subnet.Private_subnet_eu_west_1b"
                    ],
                    "primary": {
                        "id": "rtbassoc-36d1e34e",
                        "attributes": {
                            "id": "rtbassoc-36d1e34e",
                            "route_table_id": "rtb-58b53d21",
                            "subnet_id": "subnet-27b90c41"
                        },
                        "meta": {},
                        "tainted": false
                    },
                    "deposed": [],
                    "provider": "provider.aws"
                },
                "aws_route_table_association.subnet_eu_west_1c_association": {
                    "type": "aws_route_table_association",
                    "depends_on": [
                        "aws_route_table.private_route_table",
                        "aws_subnet.Private_subnet_eu_west_1c"
                    ],
                    "primary": {
                        "id": "rtbassoc-45dfed3d",
                        "attributes": {
                            "id": "rtbassoc-45dfed3d",
                            "route_table_id": "rtb-58b53d21",
                            "subnet_id": "subnet-48da2e12"
                        },
                        "meta": {},
                        "tainted": false
                    },
                    "deposed": [],
                    "provider": "provider.aws"
                },
                "aws_security_group.bastion-sg": {
                    "type": "aws_security_group",
                    "depends_on": [
                        "aws_instance.wp-server-1c",
                        "aws_vpc.vpc_tuto"
                    ],
                    "primary": {
                        "id": "sg-6333bc1e",
                        "attributes": {
                            "arn": "arn:aws:ec2:eu-west-1:902840046602:security-group/sg-6333bc1e",
                            "description": "Managed by Terraform",
                            "egress.#": "1",
                            "egress.482069346.cidr_blocks.#": "1",
                            "egress.482069346.cidr_blocks.0": "0.0.0.0/0",
                            "egress.482069346.description": "",
                            "egress.482069346.from_port": "0",
                            "egress.482069346.ipv6_cidr_blocks.#": "0",
                            "egress.482069346.prefix_list_ids.#": "0",
                            "egress.482069346.protocol": "-1",
                            "egress.482069346.security_groups.#": "0",
                            "egress.482069346.self": "false",
                            "egress.482069346.to_port": "0",
                            "id": "sg-6333bc1e",
                            "ingress.#": "1",
                            "ingress.2541437006.cidr_blocks.#": "1",
                            "ingress.2541437006.cidr_blocks.0": "0.0.0.0/0",
                            "ingress.2541437006.description": "",
                            "ingress.2541437006.from_port": "22",
                            "ingress.2541437006.ipv6_cidr_blocks.#": "0",
                            "ingress.2541437006.protocol": "tcp",
                            "ingress.2541437006.security_groups.#": "0",
                            "ingress.2541437006.self": "false",
                            "ingress.2541437006.to_port": "22",
                            "name": "bastion-security-group",
                            "owner_id": "902840046602",
                            "revoke_rules_on_delete": "false",
                            "tags.%": "1",
                            "tags.Name": "bastion-security-group",
                            "vpc_id": "vpc-6d49230b"
                        },
                        "meta": {
                            "e2bfb730-ecaa-11e6-8f88-34363bc7c4c0": {
                                "create": 600000000000,
                                "delete": 600000000000
                            },
                            "schema_version": "1"
                        },
                        "tainted": false
                    },
                    "deposed": [],
                    "provider": "provider.aws"
                },
                "aws_security_group.db-sg": {
                    "type": "aws_security_group",
                    "depends_on": [
                        "aws_instance.wp-server-1b",
                        "aws_instance.wp-server-1c",
                        "aws_vpc.vpc_tuto"
                    ],
                    "primary": {
                        "id": "sg-c839b6b5",
                        "attributes": {
                            "arn": "arn:aws:ec2:eu-west-1:902840046602:security-group/sg-c839b6b5",
                            "description": "Managed by Terraform",
                            "egress.#": "1",
                            "egress.482069346.cidr_blocks.#": "1",
                            "egress.482069346.cidr_blocks.0": "0.0.0.0/0",
                            "egress.482069346.description": "",
                            "egress.482069346.from_port": "0",
                            "egress.482069346.ipv6_cidr_blocks.#": "0",
                            "egress.482069346.prefix_list_ids.#": "0",
                            "egress.482069346.protocol": "-1",
                            "egress.482069346.security_groups.#": "0",
                            "egress.482069346.self": "false",
                            "egress.482069346.to_port": "0",
                            "id": "sg-c839b6b5",
                            "ingress.#": "2",
                            "ingress.986414304.cidr_blocks.#": "1",
                            "ingress.986414304.cidr_blocks.0": "172.31.5.56/32",
                            "ingress.986414304.description": "",
                            "ingress.986414304.from_port": "3306",
                            "ingress.986414304.ipv6_cidr_blocks.#": "0",
                            "ingress.986414304.protocol": "tcp",
                            "ingress.986414304.security_groups.#": "0",
                            "ingress.986414304.self": "false",
                            "ingress.986414304.to_port": "3306",
                            "ingress.997697309.cidr_blocks.#": "1",
                            "ingress.997697309.cidr_blocks.0": "172.31.4.109/32",
                            "ingress.997697309.description": "",
                            "ingress.997697309.from_port": "3306",
                            "ingress.997697309.ipv6_cidr_blocks.#": "0",
                            "ingress.997697309.protocol": "tcp",
                            "ingress.997697309.security_groups.#": "0",
                            "ingress.997697309.self": "false",
                            "ingress.997697309.to_port": "3306",
                            "name": "db-sg",
                            "owner_id": "902840046602",
                            "revoke_rules_on_delete": "false",
                            "tags.%": "1",
                            "tags.Name": "db-sg",
                            "vpc_id": "vpc-6d49230b"
                        },
                        "meta": {
                            "e2bfb730-ecaa-11e6-8f88-34363bc7c4c0": {
                                "create": 600000000000,
                                "delete": 600000000000
                            },
                            "schema_version": "1"
                        },
                        "tainted": false
                    },
                    "deposed": [],
                    "provider": "provider.aws"
                },
                "aws_security_group.efs-sg": {
                    "type": "aws_security_group",
                    "depends_on": [
                        "aws_instance.bastion",
                        "aws_instance.wp-server-1b",
                        "aws_instance.wp-server-1c",
                        "aws_vpc.vpc_tuto"
                    ],
                    "primary": {
                        "id": "sg-5535ba28",
                        "attributes": {
                            "arn": "arn:aws:ec2:eu-west-1:902840046602:security-group/sg-5535ba28",
                            "description": "Managed by Terraform",
                            "egress.#": "1",
                            "egress.482069346.cidr_blocks.#": "1",
                            "egress.482069346.cidr_blocks.0": "0.0.0.0/0",
                            "egress.482069346.description": "",
                            "egress.482069346.from_port": "0",
                            "egress.482069346.ipv6_cidr_blocks.#": "0",
                            "egress.482069346.prefix_list_ids.#": "0",
                            "egress.482069346.protocol": "-1",
                            "egress.482069346.security_groups.#": "0",
                            "egress.482069346.self": "false",
                            "egress.482069346.to_port": "0",
                            "id": "sg-5535ba28",
                            "ingress.#": "2",
                            "ingress.1332465386.cidr_blocks.#": "1",
                            "ingress.1332465386.cidr_blocks.0": "172.31.4.109/32",
                            "ingress.1332465386.description": "",
                            "ingress.1332465386.from_port": "2049",
                            "ingress.1332465386.ipv6_cidr_blocks.#": "0",
                            "ingress.1332465386.protocol": "tcp",
                            "ingress.1332465386.security_groups.#": "0",
                            "ingress.1332465386.self": "false",
                            "ingress.1332465386.to_port": "2049",
                            "ingress.2540704099.cidr_blocks.#": "1",
                            "ingress.2540704099.cidr_blocks.0": "172.31.5.56/32",
                            "ingress.2540704099.description": "",
                            "ingress.2540704099.from_port": "2049",
                            "ingress.2540704099.ipv6_cidr_blocks.#": "0",
                            "ingress.2540704099.protocol": "tcp",
                            "ingress.2540704099.security_groups.#": "0",
                            "ingress.2540704099.self": "false",
                            "ingress.2540704099.to_port": "2049",
                            "name": "efs-sg",
                            "owner_id": "902840046602",
                            "revoke_rules_on_delete": "false",
                            "tags.%": "1",
                            "tags.Name": "efs-sg",
                            "vpc_id": "vpc-6d49230b"
                        },
                        "meta": {
                            "e2bfb730-ecaa-11e6-8f88-34363bc7c4c0": {
                                "create": 600000000000,
                                "delete": 600000000000
                            },
                            "schema_version": "1"
                        },
                        "tainted": false
                    },
                    "deposed": [],
                    "provider": "provider.aws"
                },
                "aws_security_group.wordpress-sg": {
                    "type": "aws_security_group",
                    "depends_on": [
                        "aws_route_table_association.subnet_eu_west_1c_association",
                        "aws_vpc.vpc_tuto"
                    ],
                    "primary": {
                        "id": "sg-00cf417d",
                        "attributes": {
                            "arn": "arn:aws:ec2:eu-west-1:902840046602:security-group/sg-00cf417d",
                            "description": "Managed by Terraform",
                            "egress.#": "1",
                            "egress.482069346.cidr_blocks.#": "1",
                            "egress.482069346.cidr_blocks.0": "0.0.0.0/0",
                            "egress.482069346.description": "",
                            "egress.482069346.from_port": "0",
                            "egress.482069346.ipv6_cidr_blocks.#": "0",
                            "egress.482069346.prefix_list_ids.#": "0",
                            "egress.482069346.protocol": "-1",
                            "egress.482069346.security_groups.#": "0",
                            "egress.482069346.self": "false",
                            "egress.482069346.to_port": "0",
                            "id": "sg-00cf417d",
                            "ingress.#": "1",
                            "ingress.2214680975.cidr_blocks.#": "1",
                            "ingress.2214680975.cidr_blocks.0": "0.0.0.0/0",
                            "ingress.2214680975.description": "",
                            "ingress.2214680975.from_port": "80",
                            "ingress.2214680975.ipv6_cidr_blocks.#": "0",
                            "ingress.2214680975.protocol": "tcp",
                            "ingress.2214680975.security_groups.#": "0",
                            "ingress.2214680975.self": "false",
                            "ingress.2214680975.to_port": "80",
                            "name": "wp-sg",
                            "owner_id": "902840046602",
                            "revoke_rules_on_delete": "false",
                            "tags.%": "1",
                            "tags.Name": "wordpress-sg",
                            "vpc_id": "vpc-6d49230b"
                        },
                        "meta": {
                            "e2bfb730-ecaa-11e6-8f88-34363bc7c4c0": {
                                "create": 600000000000,
                                "delete": 600000000000
                            },
                            "schema_version": "1"
                        },
                        "tainted": false
                    },
                    "deposed": [],
                    "provider": "provider.aws"
                },
                "aws_security_group_rule.modify-wp-sg": {
                    "type": "aws_security_group_rule",
                    "depends_on": [
                        "aws_instance.bastion",
                        "aws_security_group.wordpress-sg"
                    ],
                    "primary": {
                        "id": "sgrule-210526751",
                        "attributes": {
                            "cidr_blocks.#": "1",
                            "cidr_blocks.0": "172.31.1.236/32",
                            "from_port": "22",
                            "id": "sgrule-210526751",
                            "protocol": "tcp",
                            "security_group_id": "sg-00cf417d",
                            "self": "false",
                            "to_port": "22",
                            "type": "ingress"
                        },
                        "meta": {
                            "schema_version": "2"
                        },
                        "tainted": false
                    },
                    "deposed": [],
                    "provider": "provider.aws"
                },
                "aws_subnet.Private_subnet_eu_west_1b": {
                    "type": "aws_subnet",
                    "depends_on": [
                        "aws_vpc.vpc_tuto"
                    ],
                    "primary": {
                        "id": "subnet-27b90c41",
                        "attributes": {
                            "assign_ipv6_address_on_creation": "false",
                            "availability_zone": "eu-west-1b",
                            "cidr_block": "172.31.4.0/24",
                            "id": "subnet-27b90c41",
                            "map_public_ip_on_launch": "false",
                            "tags.%": "1",
                            "tags.Name": "App Subnet az 1b",
                            "vpc_id": "vpc-6d49230b"
                        },
                        "meta": {
                            "schema_version": "1"
                        },
                        "tainted": false
                    },
                    "deposed": [],
                    "provider": "provider.aws"
                },
                "aws_subnet.Private_subnet_eu_west_1c": {
                    "type": "aws_subnet",
                    "depends_on": [
                        "aws_vpc.vpc_tuto"
                    ],
                    "primary": {
                        "id": "subnet-48da2e12",
                        "attributes": {
                            "assign_ipv6_address_on_creation": "false",
                            "availability_zone": "eu-west-1c",
                            "cidr_block": "172.31.5.0/24",
                            "id": "subnet-48da2e12",
                            "map_public_ip_on_launch": "false",
                            "tags.%": "1",
                            "tags.Name": "DB Subnet az 1c",
                            "vpc_id": "vpc-6d49230b"
                        },
                        "meta": {
                            "schema_version": "1"
                        },
                        "tainted": false
                    },
                    "deposed": [],
                    "provider": "provider.aws"
                },
                "aws_subnet.Public_subnet1_eu_west_1a": {
                    "type": "aws_subnet",
                    "depends_on": [
                        "aws_vpc.vpc_tuto"
                    ],
                    "primary": {
                        "id": "subnet-d4ac169c",
                        "attributes": {
                            "assign_ipv6_address_on_creation": "false",
                            "availability_zone": "eu-west-1a",
                            "cidr_block": "172.31.1.0/24",
                            "id": "subnet-d4ac169c",
                            "map_public_ip_on_launch": "true",
                            "tags.%": "1",
                            "tags.Name": "Web Subnet az 1a",
                            "vpc_id": "vpc-6d49230b"
                        },
                        "meta": {
                            "schema_version": "1"
                        },
                        "tainted": false
                    },
                    "deposed": [],
                    "provider": "provider.aws"
                },
                "aws_subnet.Public_subnet2_eu_west_1b": {
                    "type": "aws_subnet",
                    "depends_on": [
                        "aws_vpc.vpc_tuto"
                    ],
                    "primary": {
                        "id": "subnet-3db6035b",
                        "attributes": {
                            "assign_ipv6_address_on_creation": "false",
                            "availability_zone": "eu-west-1b",
                            "cidr_block": "172.31.2.0/24",
                            "id": "subnet-3db6035b",
                            "map_public_ip_on_launch": "true",
                            "tags.%": "1",
                            "tags.Name": "Web Subnet az 1b",
                            "vpc_id": "vpc-6d49230b"
                        },
                        "meta": {
                            "schema_version": "1"
                        },
                        "tainted": false
                    },
                    "deposed": [],
                    "provider": "provider.aws"
                },
                "aws_subnet.Public_subnet3_eu_west_1c": {
                    "type": "aws_subnet",
                    "depends_on": [
                        "aws_vpc.vpc_tuto"
                    ],
                    "primary": {
                        "id": "subnet-a1db2ffb",
                        "attributes": {
                            "assign_ipv6_address_on_creation": "false",
                            "availability_zone": "eu-west-1c",
                            "cidr_block": "172.31.3.0/24",
                            "id": "subnet-a1db2ffb",
                            "map_public_ip_on_launch": "true",
                            "tags.%": "1",
                            "tags.Name": "Web Subnet az 1c",
                            "vpc_id": "vpc-6d49230b"
                        },
                        "meta": {
                            "schema_version": "1"
                        },
                        "tainted": false
                    },
                    "deposed": [],
                    "provider": "provider.aws"
                },
                "aws_vpc.vpc_tuto": {
                    "type": "aws_vpc",
                    "depends_on": [],
                    "primary": {
                        "id": "vpc-6d49230b",
                        "attributes": {
                            "assign_generated_ipv6_cidr_block": "false",
                            "cidr_block": "172.31.0.0/16",
                            "default_network_acl_id": "acl-6647a61f",
                            "default_route_table_id": "rtb-924cc4eb",
                            "default_security_group_id": "sg-38cc4245",
                            "dhcp_options_id": "dopt-c90a01ab",
                            "enable_classiclink": "false",
                            "enable_classiclink_dns_support": "false",
                            "enable_dns_hostnames": "true",
                            "enable_dns_support": "true",
                            "id": "vpc-6d49230b",
                            "instance_tenancy": "default",
                            "main_route_table_id": "rtb-924cc4eb",
                            "tags.%": "1",
                            "tags.Name": "WP-Test"
                        },
                        "meta": {
                            "schema_version": "1"
                        },
                        "tainted": false
                    },
                    "deposed": [],
                    "provider": "provider.aws"
                },
                "null_resource.ansible": {
                    "type": "null_resource",
                    "depends_on": [
                        "aws_db_instance.wp-db",
                        "aws_efs_file_system.wp-efs",
                        "aws_efs_mount_target.wp-efs-mtarget1",
                        "aws_instance.bastion",
                        "aws_instance.wp-server-1b",
                        "aws_instance.wp-server-1c"
                    ],
                    "primary": {
                        "id": "1570429198279730283",
                        "attributes": {
                            "id": "1570429198279730283"
                        },
                        "meta": {},
                        "tainted": false
                    },
                    "deposed": [],
                    "provider": "provider.null"
                }
            },
            "depends_on": []
        }
    ]
}
